<?xml version="1.0" encoding="utf-8"?>
<Project ToolsVersion="4.0" xmlns="http://schemas.microsoft.com/developer/msbuild/2003">
  <ItemGroup>
    <Filter Include="ソース ファイル">
      <UniqueIdentifier>{4FC737F1-C7A5-4376-A066-2A32D752A2FF}</UniqueIdentifier>
      <Extensions>cpp;c;cc;cxx;def;odl;idl;hpj;bat;asm;asmx</Extensions>
    </Filter>
    <Filter Include="ソース ファイル\System">
      <UniqueIdentifier>{bd5e2838-968a-462e-9f03-45ff08bb2480}</UniqueIdentifier>
    </Filter>
    <Filter Include="ソース ファイル\Task">
      <UniqueIdentifier>{5cbc1be0-fe03-4b76-81ca-7602404568e1}</UniqueIdentifier>
    </Filter>
  </ItemGroup>
  <ItemGroup>
    <ClCompile Include="src\Task_TaskOne.cpp">
      <Filter>ソース ファイル\Task</Filter>
    </ClCompile>
    <ClCompile Include="src\GameSystem.cpp">
      <Filter>ソース ファイル\System</Filter>
    </ClCompile>
    <ClCompile Include="src\main.cpp">
      <Filter>ソース ファイル\System</Filter>
    </ClCompile>
    <ClCompile Include="src\TaskAbstract.cpp">
      <Filter>ソース ファイル\System</Filter>
    </ClCompile>
    <ClCompile Include="src\TaskSystem.cpp">
      <Filter>ソース ファイル\System</Filter>
    </ClCompile>
    <ClCompile Include="src\Task_TaskTwo.cpp">
      <Filter>ソース ファイル\Task</Filter>
    </ClCompile>
    <ClCompile Include="src\Task_TaskThree.cpp">
      <Filter>ソース ファイル\Task</Filter>
    </ClCompile>
  </ItemGroup>
  <ItemGroup>
    <ClInclude Include="src\Task_TaskOne.h">
      <Filter>ソース ファイル\Task</Filter>
    </ClInclude>
    <ClInclude Include="src\GameSystem.h">
      <Filter>ソース ファイル\System</Filter>
    </ClInclude>
    <ClInclude Include="src\TaskAbstract.h">
      <Filter>ソース ファイル\System</Filter>
    </ClInclude>
    <ClInclude Include="src\TaskSystem.h">
      <Filter>ソース ファイル\System</Filter>
    </ClInclude>
    <ClInclude Include="src\Task_TaskTwo.h">
      <Filter>ソース ファイル\Task</Filter>
    </ClInclude>
    <ClInclude Include="src\Task_TaskThree.h">
      <Filter>ソース ファイル\Task</Filter>
    </ClInclude>
  </ItemGroup>
</Project>